// !$*UTF8*$!
{
	archiveVersion = 1;
	classes = {
	};
	objectVersion = 77;
	objects = {

/* Begin PBXBuildFile section */
		28E370FDEA8EEA4EFCC3229D /* llama.xcframework in Embed Frameworks */ = {isa = PBXBuildFile; fileRef = C6D58FA8A8908E0C17D5857C /* llama.xcframework */; settings = {ATTRIBUTES = (CodeSignOnCopy, RemoveHeadersOnCopy, ); }; };
		29820508D09BFC2918878273 /* Downloads.swift in Sources */ = {isa = PBXBuildFile; fileRef = 0B98262F7A8E003534A325F9 /* Downloads.swift */; };
		446465BBA976741BA8FE4C5B /* llama.xcframework in Frameworks */ = {isa = PBXBuildFile; fileRef = C6D58FA8A8908E0C17D5857C /* llama.xcframework */; };
		4529F7A2FBDC33143A4EDB98 /* ContentView.swift in Sources */ = {isa = PBXBuildFile; fileRef = 526CE7B87EA48DCF0C8A8CA7 /* ContentView.swift */; };
		45B9A324E7DC5F666074B6FA /* DeviceInfo.swift in Sources */ = {isa = PBXBuildFile; fileRef = B7D2A595F3381EF1776992A6 /* DeviceInfo.swift */; };
		5437452C52E55A4EBED0BE79 /* Bench.swift in Sources */ = {isa = PBXBuildFile; fileRef = 7131E03FDDC3743959F19494 /* Bench.swift */; };
		5836F629AA44E2E22CB8B345 /* Engine.swift in Sources */ = {isa = PBXBuildFile; fileRef = 84662EE001062C38068950F6 /* Engine.swift */; };
		5AFCDAF568C869B512253B9C /* Suite.swift in Sources */ = {isa = PBXBuildFile; fileRef = D07035F5287518D4179FFFE1 /* Suite.swift */; };
		A19113653643E61358BAF794 /* BonsaiBenchApp.swift in Sources */ = {isa = PBXBuildFile; fileRef = 8E9177C2A28F303E12F6EA4F /* BonsaiBenchApp.swift */; };
/* End PBXBuildFile section */

/* Begin PBXCopyFilesBuildPhase section */
		115135A9330B929A2581213F /* Embed Frameworks */ = {
			isa = PBXCopyFilesBuildPhase;
			buildActionMask = 2147483647;
			dstPath = "";
			dstSubfolderSpec = 10;
			files = (
				28E370FDEA8EEA4EFCC3229D /* llama.xcframework in Embed Frameworks */,
			);
			name = "Embed Frameworks";
			runOnlyForDeploymentPostprocessing = 0;
		};
/* End PBXCopyFilesBuildPhase section */

/* Begin PBXFileReference section */
		06A9F68CEEBE56761A0EC121 /* Signing.xcconfig */ = {isa = PBXFileReference; lastKnownFileType = text.xcconfig; path = Signing.xcconfig; sourceTree = "<group>"; };
		0B98262F7A8E003534A325F9 /* Downloads.swift */ = {isa = PBXFileReference; lastKnownFileType = sourcecode.swift; path = Downloads.swift; sourceTree = "<group>"; };
		3C9ECD5BE1C03AC04BE906E6 /* BonsaiBench.app */ = {isa = PBXFileReference; includeInIndex = 0; lastKnownFileType = wrapper.application; path = BonsaiBench.app; sourceTree = BUILT_PRODUCTS_DIR; };
		526CE7B87EA48DCF0C8A8CA7 /* ContentView.swift */ = {isa = PBXFileReference; lastKnownFileType = sourcecode.swift; path = ContentView.swift; sourceTree = "<group>"; };
		7131E03FDDC3743959F19494 /* Bench.swift */ = {isa = PBXFileReference; lastKnownFileType = sourcecode.swift; path = Bench.swift; sourceTree = "<group>"; };
		84662EE001062C38068950F6 /* Engine.swift */ = {isa = PBXFileReference; lastKnownFileType = sourcecode.swift; path = Engine.swift; sourceTree = "<group>"; };
		8E9177C2A28F303E12F6EA4F /* BonsaiBenchApp.swift */ = {isa = PBXFileReference; lastKnownFileType = sourcecode.swift; path = BonsaiBenchApp.swift; sourceTree = "<group>"; };
		9B83716EB2D0D3EAACC4D4EE /* BonsaiBench.entitlements */ = {isa = PBXFileReference; lastKnownFileType = text.plist.entitlements; path = BonsaiBench.entitlements; sourceTree = "<group>"; };
		B7D2A595F3381EF1776992A6 /* DeviceInfo.swift */ = {isa = PBXFileReference; lastKnownFileType = sourcecode.swift; path = DeviceInfo.swift; sourceTree = "<group>"; };
		C6D58FA8A8908E0C17D5857C /* llama.xcframework */ = {isa = PBXFileReference; lastKnownFileType = wrapper.xcframework; name = llama.xcframework; path = "../../../../build-apple/llama.xcframework"; sourceTree = "<group>"; };
		D07035F5287518D4179FFFE1 /* Suite.swift */ = {isa = PBXFileReference; lastKnownFileType = sourcecode.swift; path = Suite.swift; sourceTree = "<group>"; };
		EC892D783CB72DE085265E82 /* Info.plist */ = {isa = PBXFileReference; lastKnownFileType = text.plist; path = Info.plist; sourceTree = "<group>"; };
/* End PBXFileReference section */

/* Begin PBXFrameworksBuildPhase section */
		5A46FCDCA5B271B712ED22DF /* Frameworks */ = {
			isa = PBXFrameworksBuildPhase;
			buildActionMask = 2147483647;
			files = (
				446465BBA976741BA8FE4C5B /* llama.xcframework in Frameworks */,
			);
			runOnlyForDeploymentPostprocessing = 0;
		};
/* End PBXFrameworksBuildPhase section */

/* Begin PBXGroup section */
		2A1C5A6D9BD008F9350E781F /* Products */ = {
			isa = PBXGroup;
			children = (
				3C9ECD5BE1C03AC04BE906E6 /* BonsaiBench.app */,
			);
			name = Products;
			sourceTree = "<group>";
		};
		38089836B6A87BAA1CB305CF = {
			isa = PBXGroup;
			children = (
				E83796DD281C500366088447 /* BonsaiBench */,
				F2481C006BE014AEF5DD9E66 /* Config */,
				B1FE1B0291AEC24A74E3AAF1 /* Frameworks */,
				2A1C5A6D9BD008F9350E781F /* Products */,
			);
			sourceTree = "<group>";
		};
		B1FE1B0291AEC24A74E3AAF1 /* Frameworks */ = {
			isa = PBXGroup;
			children = (
				C6D58FA8A8908E0C17D5857C /* llama.xcframework */,
			);
			name = Frameworks;
			sourceTree = "<group>";
		};
		E83796DD281C500366088447 /* BonsaiBench */ = {
			isa = PBXGroup;
			children = (
				7131E03FDDC3743959F19494 /* Bench.swift */,
				9B83716EB2D0D3EAACC4D4EE /* BonsaiBench.entitlements */,
				8E9177C2A28F303E12F6EA4F /* BonsaiBenchApp.swift */,
				526CE7B87EA48DCF0C8A8CA7 /* ContentView.swift */,
				B7D2A595F3381EF1776992A6 /* DeviceInfo.swift */,
				0B98262F7A8E003534A325F9 /* Downloads.swift */,
				84662EE001062C38068950F6 /* Engine.swift */,
				EC892D783CB72DE085265E82 /* Info.plist */,
				D07035F5287518D4179FFFE1 /* Suite.swift */,
			);
			path = BonsaiBench;
			sourceTree = "<group>";
		};
		F2481C006BE014AEF5DD9E66 /* Config */ = {
			isa = PBXGroup;
			children = (
				06A9F68CEEBE56761A0EC121 /* Signing.xcconfig */,
			);
			path = Config;
			sourceTree = "<group>";
		};
/* End PBXGroup section */

/* Begin PBXNativeTarget section */
		D785FBBBBE7300E0ADA06742 /* BonsaiBench */ = {
			isa = PBXNativeTarget;
			buildConfigurationList = 11A17E211F211E4ED907E336 /* Build configuration list for PBXNativeTarget "BonsaiBench" */;
			buildPhases = (
				A63FD9C9320B69B0E13B1783 /* Sources */,
				5A46FCDCA5B271B712ED22DF /* Frameworks */,
				115135A9330B929A2581213F /* Embed Frameworks */,
				7528808B4B09287CC10DC487 /* Stamp build */,
			);
			buildRules = (
			);
			dependencies = (
			);
			name = BonsaiBench;
			packageProductDependencies = (
			);
			productName = BonsaiBench;
			productReference = 3C9ECD5BE1C03AC04BE906E6 /* BonsaiBench.app */;
			productType = "com.apple.product-type.application";
		};
/* End PBXNativeTarget section */

/* Begin PBXProject section */
		9028DEBCFE7FA3B935BA5C27 /* Project object */ = {
			isa = PBXProject;
			attributes = {
				BuildIndependentTargetsInParallel = YES;
				LastUpgradeCheck = 1430;
				TargetAttributes = {
					D785FBBBBE7300E0ADA06742 = {
						DevelopmentTeam = "";
						ProvisioningStyle = Automatic;
					};
				};
			};
			buildConfigurationList = 60CDAF837AA9053943BFF515 /* Build configuration list for PBXProject "BonsaiBench" */;
			developmentRegion = en;
			hasScannedForEncodings = 0;
			knownRegions = (
				Base,
				en,
			);
			mainGroup = 38089836B6A87BAA1CB305CF;
			minimizedProjectReferenceProxies = 1;
			preferredProjectObjectVersion = 77;
			productRefGroup = 2A1C5A6D9BD008F9350E781F /* Products */;
			projectDirPath = "";
			projectRoot = "";
			targets = (
				D785FBBBBE7300E0ADA06742 /* BonsaiBench */,
			);
		};
/* End PBXProject section */

/* Begin PBXShellScriptBuildPhase section */
		7528808B4B09287CC10DC487 /* Stamp build */ = {
			isa = PBXShellScriptBuildPhase;
			alwaysOutOfDate = 1;
			buildActionMask = 2147483647;
			files = (
			);
			inputFileListPaths = (
			);
			inputPaths = (
			);
			name = "Stamp build";
			outputFileListPaths = (
			);
			outputPaths = (
			);
			runOnlyForDeploymentPostprocessing = 0;
			shellPath = /bin/sh;
			shellScript = "ROOT=\"$SRCROOT/../../../..\"\nOUT=\"$TARGET_BUILD_DIR/$UNLOCALIZED_RESOURCES_FOLDER_PATH/BuildStamp.plist\"\nREV=$(git -C \"$ROOT\" rev-parse HEAD 2>/dev/null || echo unknown)\nAPPDIRTY=$(git -C \"$ROOT\" status --porcelain -- experiments/metal-ptq1/ios 2>/dev/null | wc -l | tr -d ' ')\nSRC=\"$ROOT/build-apple/llama.xcframework.source\"\nFWREV=$(sed -n 's/^revision=//p' \"$SRC\" 2>/dev/null); FWREV=${FWREV:-unknown}\nFWDIRTY=$(sed -n 's/^dirty_files=//p' \"$SRC\" 2>/dev/null); FWDIRTY=${FWDIRTY:-unknown}\nFW=$(shasum -a 256 \"$ROOT/build-apple/llama.xcframework/ios-arm64/llama.framework/llama\" | cut -d' ' -f1)\nrm -f \"$OUT\"\n/usr/libexec/PlistBuddy -c \"Add :BBSourceRevision string $REV\" -c \"Add :BBAppDirtyFiles string $APPDIRTY\" \\\n  -c \"Add :BBFrameworkRevision string $FWREV\" -c \"Add :BBFrameworkDirtyFiles string $FWDIRTY\" \\\n  -c \"Add :BBFrameworkSHA256 string $FW\" \"$OUT\"\n";
		};
/* End PBXShellScriptBuildPhase section */

/* Begin PBXSourcesBuildPhase section */
		A63FD9C9320B69B0E13B1783 /* Sources */ = {
			isa = PBXSourcesBuildPhase;
			buildActionMask = 2147483647;
			files = (
				5437452C52E55A4EBED0BE79 /* Bench.swift in Sources */,
				A19113653643E61358BAF794 /* BonsaiBenchApp.swift in Sources */,
				4529F7A2FBDC33143A4EDB98 /* ContentView.swift in Sources */,
				45B9A324E7DC5F666074B6FA /* DeviceInfo.swift in Sources */,
				29820508D09BFC2918878273 /* Downloads.swift in Sources */,
				5836F629AA44E2E22CB8B345 /* Engine.swift in Sources */,
				5AFCDAF568C869B512253B9C /* Suite.swift in Sources */,
			);
			runOnlyForDeploymentPostprocessing = 0;
		};
/* End PBXSourcesBuildPhase section */

/* Begin XCBuildConfiguration section */
		3AED6BDB0B4AB8D71AA17CF3 /* Release */ = {
			isa = XCBuildConfiguration;
			baseConfigurationReference = 06A9F68CEEBE56761A0EC121 /* Signing.xcconfig */;
			buildSettings = {
				ASSETCATALOG_COMPILER_APPICON_NAME = AppIcon;
				CODE_SIGN_ENTITLEMENTS = BonsaiBench/BonsaiBench.entitlements;
				CODE_SIGN_IDENTITY = "iPhone Developer";
				CURRENT_PROJECT_VERSION = 1;
				ENABLE_USER_SCRIPT_SANDBOXING = NO;
				FRAMEWORK_SEARCH_PATHS = (
					"$(inherited)",
					"\"../../../../build-apple\"",
				);
				INFOPLIST_FILE = BonsaiBench/Info.plist;
				LD_RUNPATH_SEARCH_PATHS = (
					"$(inherited)",
					"@executable_path/Frameworks",
				);
				MARKETING_VERSION = 1.0;
				SDKROOT = iphoneos;
				TARGETED_DEVICE_FAMILY = "1,2";
			};
			name = Release;
		};
		AF00A6C4EAF8794DF775DD53 /* Debug */ = {
			isa = XCBuildConfiguration;
			buildSettings = {
				ALWAYS_SEARCH_USER_PATHS = NO;
				CLANG_ANALYZER_NONNULL = YES;
				CLANG_ANALYZER_NUMBER_OBJECT_CONVERSION = YES_AGGRESSIVE;
				CLANG_CXX_LANGUAGE_STANDARD = "gnu++14";
				CLANG_CXX_LIBRARY = "libc++";
				CLANG_ENABLE_MODULES = YES;
				CLANG_ENABLE_OBJC_ARC = YES;
				CLANG_ENABLE_OBJC_WEAK = YES;
				CLANG_WARN_BLOCK_CAPTURE_AUTORELEASING = YES;
				CLANG_WARN_BOOL_CONVERSION = YES;
				CLANG_WARN_COMMA = YES;
				CLANG_WARN_CONSTANT_CONVERSION = YES;
				CLANG_WARN_DEPRECATED_OBJC_IMPLEMENTATIONS = YES;
				CLANG_WARN_DIRECT_OBJC_ISA_USAGE = YES_ERROR;
				CLANG_WARN_DOCUMENTATION_COMMENTS = YES;
				CLANG_WARN_EMPTY_BODY = YES;
				CLANG_WARN_ENUM_CONVERSION = YES;
				CLANG_WARN_INFINITE_RECURSION = YES;
				CLANG_WARN_INT_CONVERSION = YES;
				CLANG_WARN_NON_LITERAL_NULL_CONVERSION = YES;
				CLANG_WARN_OBJC_IMPLICIT_RETAIN_SELF = YES;
				CLANG_WARN_OBJC_LITERAL_CONVERSION = YES;
				CLANG_WARN_OBJC_ROOT_CLASS = YES_ERROR;
				CLANG_WARN_QUOTED_INCLUDE_IN_FRAMEWORK_HEADER = YES;
				CLANG_WARN_RANGE_LOOP_ANALYSIS = YES;
				CLANG_WARN_STRICT_PROTOTYPES = YES;
				CLANG_WARN_SUSPICIOUS_MOVE = YES;
				CLANG_WARN_UNGUARDED_AVAILABILITY = YES_AGGRESSIVE;
				CLANG_WARN_UNREACHABLE_CODE = YES;
				CLANG_WARN__DUPLICATE_METHOD_MATCH = YES;
				CODE_SIGN_STYLE = Automatic;
				COPY_PHASE_STRIP = NO;
				DEBUG_INFORMATION_FORMAT = dwarf;
				ENABLE_STRICT_OBJC_MSGSEND = YES;
				ENABLE_TESTABILITY = YES;
				GCC_C_LANGUAGE_STANDARD = gnu11;
				GCC_DYNAMIC_NO_PIC = NO;
				GCC_NO_COMMON_BLOCKS = YES;
				GCC_OPTIMIZATION_LEVEL = 0;
				GCC_PREPROCESSOR_DEFINITIONS = (
					"$(inherited)",
					"DEBUG=1",
				);
				GCC_WARN_64_TO_32_BIT_CONVERSION = YES;
				GCC_WARN_ABOUT_RETURN_TYPE = YES_ERROR;
				GCC_WARN_UNDECLARED_SELECTOR = YES;
				GCC_WARN_UNINITIALIZED_AUTOS = YES_AGGRESSIVE;
				GCC_WARN_UNUSED_FUNCTION = YES;
				GCC_WARN_UNUSED_VARIABLE = YES;
				IPHONEOS_DEPLOYMENT_TARGET = 17.0;
				MTL_ENABLE_DEBUG_INFO = INCLUDE_SOURCE;
				MTL_FAST_MATH = YES;
				ONLY_ACTIVE_ARCH = YES;
				PRODUCT_NAME = "$(TARGET_NAME)";
				SDKROOT = iphoneos;
				SWIFT_ACTIVE_COMPILATION_CONDITIONS = DEBUG;
				SWIFT_OPTIMIZATION_LEVEL = "-Onone";
				SWIFT_VERSION = 5.0;
				TARGETED_DEVICE_FAMILY = "1,2";
			};
			name = Debug;
		};
		C016ADB9EFA9FC4EB8032B92 /* Release */ = {
			isa = XCBuildConfiguration;
			buildSettings = {
				ALWAYS_SEARCH_USER_PATHS = NO;
				CLANG_ANALYZER_NONNULL = YES;
				CLANG_ANALYZER_NUMBER_OBJECT_CONVERSION = YES_AGGRESSIVE;
				CLANG_CXX_LANGUAGE_STANDARD = "gnu++14";
				CLANG_CXX_LIBRARY = "libc++";
				CLANG_ENABLE_MODULES = YES;
				CLANG_ENABLE_OBJC_ARC = YES;
				CLANG_ENABLE_OBJC_WEAK = YES;
				CLANG_WARN_BLOCK_CAPTURE_AUTORELEASING = YES;
				CLANG_WARN_BOOL_CONVERSION = YES;
				CLANG_WARN_COMMA = YES;
				CLANG_WARN_CONSTANT_CONVERSION = YES;
				CLANG_WARN_DEPRECATED_OBJC_IMPLEMENTATIONS = YES;
				CLANG_WARN_DIRECT_OBJC_ISA_USAGE = YES_ERROR;
				CLANG_WARN_DOCUMENTATION_COMMENTS = YES;
				CLANG_WARN_EMPTY_BODY = YES;
				CLANG_WARN_ENUM_CONVERSION = YES;
				CLANG_WARN_INFINITE_RECURSION = YES;
				CLANG_WARN_INT_CONVERSION = YES;
				CLANG_WARN_NON_LITERAL_NULL_CONVERSION = YES;
				CLANG_WARN_OBJC_IMPLICIT_RETAIN_SELF = YES;
				CLANG_WARN_OBJC_LITERAL_CONVERSION = YES;
				CLANG_WARN_OBJC_ROOT_CLASS = YES_ERROR;
				CLANG_WARN_QUOTED_INCLUDE_IN_FRAMEWORK_HEADER = YES;
				CLANG_WARN_RANGE_LOOP_ANALYSIS = YES;
				CLANG_WARN_STRICT_PROTOTYPES = YES;
				CLANG_WARN_SUSPICIOUS_MOVE = YES;
				CLANG_WARN_UNGUARDED_AVAILABILITY = YES_AGGRESSIVE;
				CLANG_WARN_UNREACHABLE_CODE = YES;
				CLANG_WARN__DUPLICATE_METHOD_MATCH = YES;
				CODE_SIGN_STYLE = Automatic;
				COPY_PHASE_STRIP = NO;
				DEBUG_INFORMATION_FORMAT = "dwarf-with-dsym";
				ENABLE_NS_ASSERTIONS = NO;
				ENABLE_STRICT_OBJC_MSGSEND = YES;
				GCC_C_LANGUAGE_STANDARD = gnu11;
				GCC_NO_COMMON_BLOCKS = YES;
				GCC_WARN_64_TO_32_BIT_CONVERSION = YES;
				GCC_WARN_ABOUT_RETURN_TYPE = YES_ERROR;
				GCC_WARN_UNDECLARED_SELECTOR = YES;
				GCC_WARN_UNINITIALIZED_AUTOS = YES_AGGRESSIVE;
				GCC_WARN_UNUSED_FUNCTION = YES;
				GCC_WARN_UNUSED_VARIABLE = YES;
				IPHONEOS_DEPLOYMENT_TARGET = 17.0;
				MTL_ENABLE_DEBUG_INFO = NO;
				MTL_FAST_MATH = YES;
				PRODUCT_NAME = "$(TARGET_NAME)";
				SDKROOT = iphoneos;
				SWIFT_COMPILATION_MODE = wholemodule;
				SWIFT_OPTIMIZATION_LEVEL = "-O";
				SWIFT_VERSION = 5.0;
				TARGETED_DEVICE_FAMILY = "1,2";
			};
			name = Release;
		};
		EC98B0FDB59394238BEC94F3 /* Debug */ = {
			isa = XCBuildConfiguration;
			baseConfigurationReference = 06A9F68CEEBE56761A0EC121 /* Signing.xcconfig */;
			buildSettings = {
				ASSETCATALOG_COMPILER_APPICON_NAME = AppIcon;
				CODE_SIGN_ENTITLEMENTS = BonsaiBench/BonsaiBench.entitlements;
				CODE_SIGN_IDENTITY = "iPhone Developer";
				CURRENT_PROJECT_VERSION = 1;
				ENABLE_USER_SCRIPT_SANDBOXING = NO;
				FRAMEWORK_SEARCH_PATHS = (
					"$(inherited)",
					"\"../../../../build-apple\"",
				);
				INFOPLIST_FILE = BonsaiBench/Info.plist;
				LD_RUNPATH_SEARCH_PATHS = (
					"$(inherited)",
					"@executable_path/Frameworks",
				);
				MARKETING_VERSION = 1.0;
				SDKROOT = iphoneos;
				TARGETED_DEVICE_FAMILY = "1,2";
			};
			name = Debug;
		};
/* End XCBuildConfiguration section */

/* Begin XCConfigurationList section */
		11A17E211F211E4ED907E336 /* Build configuration list for PBXNativeTarget "BonsaiBench" */ = {
			isa = XCConfigurationList;
			buildConfigurations = (
				EC98B0FDB59394238BEC94F3 /* Debug */,
				3AED6BDB0B4AB8D71AA17CF3 /* Release */,
			);
			defaultConfigurationIsVisible = 0;
			defaultConfigurationName = Debug;
		};
		60CDAF837AA9053943BFF515 /* Build configuration list for PBXProject "BonsaiBench" */ = {
			isa = XCConfigurationList;
			buildConfigurations = (
				AF00A6C4EAF8794DF775DD53 /* Debug */,
				C016ADB9EFA9FC4EB8032B92 /* Release */,
			);
			defaultConfigurationIsVisible = 0;
			defaultConfigurationName = Debug;
		};
/* End XCConfigurationList section */
	};
	rootObject = 9028DEBCFE7FA3B935BA5C27 /* Project object */;
}
